
Microsoft Visual Studio Solution File, Format Version 12.00
# Visual Studio 15
VisualStudioVersion = 15.0.28307.645
MinimumVisualStudioVersion = 10.0.40219.1
Project("{8BC9CEB8-8B4A-11D0-8D11-00A0C91BC942}") = "DXEngine01_WinSetup", "DXEngine01_WinSetup\DXEngine01_WinSetup.vcxproj", "{20AE366A-4B91-4105-9DE9-F57132E527A4}"
EndProject
Project("{8BC9CEB8-8B4A-11D0-8D11-00A0C91BC942}") = "DXEngine02_DXSetup", "DXEngine02_DXSetup\DXEngine02_DXSetup.vcxproj", "{BBE116C5-927F-48A5-BDB6-85FA97A17CA7}"
EndProject
Project("{8BC9CEB8-8B4A-11D0-8D11-00A0C91BC942}") = "DXEngine03_Draw", "DXEngine03_Draw\DXEngine03_Draw.vcxproj", "{57B56786-421A-4566-B06F-BF5474A3DBF8}"
EndProject
Project("{8BC9CEB8-8B4A-11D0-8D11-00A0C91BC942}") = "DXEngine04_VertexColor", "DXEngine04_VertexColor\DXEngine04_VertexColor.vcxproj", "{615ACA61-EEFC-40B0-BE2A-568359DF47DC}"
EndProject
Project("{8BC9CEB8-8B4A-11D0-8D11-00A0C91BC942}") = "DXEngine05_IndexBuffer", "DXEngine05_IndexBuffer\DXEngine05_IndexBuffer.vcxproj", "{4FADD6C5-CBB4-4112-B1FB-D29F999D27F0}"
EndProject
Project("{8BC9CEB8-8B4A-11D0-8D11-00A0C91BC942}") = "DXEngine06_WVP", "DXEngine06_WVP\DXEngine06_WVP.vcxproj", "{95534221-BD41-45BB-A1EE-A802F9836149}"
EndProject
Project("{8BC9CEB8-8B4A-11D0-8D11-00A0C91BC942}") = "DXEngine07_TextureMapping", "DXEngine07_TextureMapping\DXEngine07_TextureMapping.vcxproj", "{CF6B8F1F-E831-490D-BFD5-8BC4DFA3B0EE}"
EndProject
Project("{8BC9CEB8-8B4A-11D0-8D11-00A0C91BC942}") = "DXEngine08_FBXLoader", "DXEngine08_FBXLoader\DXEngine08_FBXLoader.vcxproj", "{BEACEEC2-9073-49BC-8ACE-8E22714D185F}"
EndProject
Project("{8BC9CEB8-8B4A-11D0-8D11-00A0C91BC942}") = "DXEngine09_Diffuse", "DXEngine09_Diffuse\DXEngine09_Diffuse.vcxproj", "{DF526EE1-7BBC-4FD5-8BC8-973D6DC6B985}"
EndProject
Project("{8BC9CEB8-8B4A-11D0-8D11-00A0C91BC942}") = "DXEngine10_Specular", "DXEngine10_Specular\DXEngine10_Specular.vcxproj", "{A7596599-7B83-42DE-B58E-FB1785C190D9}"
EndProject
Project("{8BC9CEB8-8B4A-11D0-8D11-00A0C91BC942}") = "DXEngine11_Toon", "DXEngine11_Toon\DXEngine11_Toon.vcxproj", "{8A808C06-3194-410E-BFF7-1E02A68D0C84}"
EndProject
Project("{8BC9CEB8-8B4A-11D0-8D11-00A0C91BC942}") = "DXEngine12_Material", "DXEngine12_Material\DXEngine12_Material.vcxproj", "{1EB060E6-C4D1-4A14-90C0-6A63EAD318FE}"
EndProject
Project("{8BC9CEB8-8B4A-11D0-8D11-00A0C91BC942}") = "DXEngine13_Camera", "DXEngine13_Camera\DXEngine13_Camera.vcxproj", "{779751B1-F823-4535-B7FF-65C1D9D297FB}"
EndProject
Project("{8BC9CEB8-8B4A-11D0-8D11-00A0C91BC942}") = "DXEngine14_CameraMove", "DXEngine14_CameraMove\DXEngine14_CameraMove.vcxproj", "{2AD038C8-0324-43AB-ADA9-74B776F9BE94}"
EndProject
Project("{8BC9CEB8-8B4A-11D0-8D11-00A0C91BC942}") = "DXEngine15_GameTimer", "DXEngine15_GameTimer\DXEngine15_GameTimer.vcxproj", "{0E923557-6AB2-473F-8E32-97961112C520}"
EndProject
Project("{8BC9CEB8-8B4A-11D0-8D11-00A0C91BC942}") = "DXEngine16_NormalMapping", "DXEngine16_NormalMapping\DXEngine16_NormalMapping.vcxproj", "{82DF0482-B949-4C94-9A1F-CF0671E0CDAE}"
EndProject
Project("{8BC9CEB8-8B4A-11D0-8D11-00A0C91BC942}") = "DXEngine17_MultipleObjects", "DXEngine17_MultipleObjects\DXEngine17_MultipleObjects.vcxproj", "{6386EEA7-79B2-4CA7-87D4-756F9771F40A}"
EndProject
Project("{8BC9CEB8-8B4A-11D0-8D11-00A0C91BC942}") = "DXEngine18_RasterizerState", "DXEngine18_RasterizerState\DXEngine18_RasterizerState.vcxproj", "{858D9C4D-456A-4ADD-954B-2CDF8F1A1049}"
EndProject
Project("{8BC9CEB8-8B4A-11D0-8D11-00A0C91BC942}") = "DXEngine19_CubeMap", "DXEngine19_CubeMap\DXEngine19_CubeMap.vcxproj", "{CA0676F7-3569-4DF6-9AED-E7C3F813FD61}"
EndProject
Project("{8BC9CEB8-8B4A-11D0-8D11-00A0C91BC942}") = "DXEngine20_RimLighting", "DXEngine20_RimLighting\DXEngine20_RimLighting.vcxproj", "{55D62259-CEF8-42D2-95AA-15128575E8EB}"
EndProject
Project("{8BC9CEB8-8B4A-11D0-8D11-00A0C91BC942}") = "DXEngine21_OrenNayerDiffuse", "DXEngine21_OrenNayerDiffuse\DXEngine21_OrenNayerDiffuse.vcxproj", "{4AA4C5C3-86E8-494F-8D3C-964C3AC1727E}"
EndProject
Project("{8BC9CEB8-8B4A-11D0-8D11-00A0C91BC942}") = "DXEngine23_DeferredRender", "DXEngine23_DeferredRender\DXEngine23_DeferredRender.vcxproj", "{7332AF2C-9BC2-4D38-A47A-CA97A0637C03}"
EndProject
Project("{8BC9CEB8-8B4A-11D0-8D11-00A0C91BC942}") = "DXEngine22_RenderToTexture", "DXEngine22_RenderToTexture\DXEngine22_RenderToTexture.vcxproj", "{84F46756-380D-4A33-9A05-62ADDB248710}"
EndProject
Global
	GlobalSection(SolutionConfigurationPlatforms) = preSolution
		Debug|x64 = Debug|x64
		Debug|x86 = Debug|x86
		Release|x64 = Release|x64
		Release|x86 = Release|x86
	EndGlobalSection
	GlobalSection(ProjectConfigurationPlatforms) = postSolution
		{20AE366A-4B91-4105-9DE9-F57132E527A4}.Debug|x64.ActiveCfg = Debug|x64
		{20AE366A-4B91-4105-9DE9-F57132E527A4}.Debug|x64.Build.0 = Debug|x64
		{20AE366A-4B91-4105-9DE9-F57132E527A4}.Debug|x86.ActiveCfg = Debug|Win32
		{20AE366A-4B91-4105-9DE9-F57132E527A4}.Debug|x86.Build.0 = Debug|Win32
		{20AE366A-4B91-4105-9DE9-F57132E527A4}.Release|x64.ActiveCfg = Release|x64
		{20AE366A-4B91-4105-9DE9-F57132E527A4}.Release|x64.Build.0 = Release|x64
		{20AE366A-4B91-4105-9DE9-F57132E527A4}.Release|x86.ActiveCfg = Release|Win32
		{20AE366A-4B91-4105-9DE9-F57132E527A4}.Release|x86.Build.0 = Release|Win32
		{BBE116C5-927F-48A5-BDB6-85FA97A17CA7}.Debug|x64.ActiveCfg = Debug|x64
		{BBE116C5-927F-48A5-BDB6-85FA97A17CA7}.Debug|x64.Build.0 = Debug|x64
		{BBE116C5-927F-48A5-BDB6-85FA97A17CA7}.Debug|x86.ActiveCfg = Debug|Win32
		{BBE116C5-927F-48A5-BDB6-85FA97A17CA7}.Debug|x86.Build.0 = Debug|Win32
		{BBE116C5-927F-48A5-BDB6-85FA97A17CA7}.Release|x64.ActiveCfg = Release|x64
		{BBE116C5-927F-48A5-BDB6-85FA97A17CA7}.Release|x64.Build.0 = Release|x64
		{BBE116C5-927F-48A5-BDB6-85FA97A17CA7}.Release|x86.ActiveCfg = Release|Win32
		{BBE116C5-927F-48A5-BDB6-85FA97A17CA7}.Release|x86.Build.0 = Release|Win32
		{57B56786-421A-4566-B06F-BF5474A3DBF8}.Debug|x64.ActiveCfg = Debug|x64
		{57B56786-421A-4566-B06F-BF5474A3DBF8}.Debug|x64.Build.0 = Debug|x64
		{57B56786-421A-4566-B06F-BF5474A3DBF8}.Debug|x86.ActiveCfg = Debug|Win32
		{57B56786-421A-4566-B06F-BF5474A3DBF8}.Debug|x86.Build.0 = Debug|Win32
		{57B56786-421A-4566-B06F-BF5474A3DBF8}.Release|x64.ActiveCfg = Release|x64
		{57B56786-421A-4566-B06F-BF5474A3DBF8}.Release|x64.Build.0 = Release|x64
		{57B56786-421A-4566-B06F-BF5474A3DBF8}.Release|x86.ActiveCfg = Release|Win32
		{57B56786-421A-4566-B06F-BF5474A3DBF8}.Release|x86.Build.0 = Release|Win32
		{615ACA61-EEFC-40B0-BE2A-568359DF47DC}.Debug|x64.ActiveCfg = Debug|x64
		{615ACA61-EEFC-40B0-BE2A-568359DF47DC}.Debug|x64.Build.0 = Debug|x64
		{615ACA61-EEFC-40B0-BE2A-568359DF47DC}.Debug|x86.ActiveCfg = Debug|Win32
		{615ACA61-EEFC-40B0-BE2A-568359DF47DC}.Debug|x86.Build.0 = Debug|Win32
		{615ACA61-EEFC-40B0-BE2A-568359DF47DC}.Release|x64.ActiveCfg = Release|x64
		{615ACA61-EEFC-40B0-BE2A-568359DF47DC}.Release|x64.Build.0 = Release|x64
		{615ACA61-EEFC-40B0-BE2A-568359DF47DC}.Release|x86.ActiveCfg = Release|Win32
		{615ACA61-EEFC-40B0-BE2A-568359DF47DC}.Release|x86.Build.0 = Release|Win32
		{4FADD6C5-CBB4-4112-B1FB-D29F999D27F0}.Debug|x64.ActiveCfg = Debug|x64
		{4FADD6C5-CBB4-4112-B1FB-D29F999D27F0}.Debug|x64.Build.0 = Debug|x64
		{4FADD6C5-CBB4-4112-B1FB-D29F999D27F0}.Debug|x86.ActiveCfg = Debug|Win32
		{4FADD6C5-CBB4-4112-B1FB-D29F999D27F0}.Debug|x86.Build.0 = Debug|Win32
		{4FADD6C5-CBB4-4112-B1FB-D29F999D27F0}.Release|x64.ActiveCfg = Release|x64
		{4FADD6C5-CBB4-4112-B1FB-D29F999D27F0}.Release|x64.Build.0 = Release|x64
		{4FADD6C5-CBB4-4112-B1FB-D29F999D27F0}.Release|x86.ActiveCfg = Release|Win32
		{4FADD6C5-CBB4-4112-B1FB-D29F999D27F0}.Release|x86.Build.0 = Release|Win32
		{95534221-BD41-45BB-A1EE-A802F9836149}.Debug|x64.ActiveCfg = Debug|x64
		{95534221-BD41-45BB-A1EE-A802F9836149}.Debug|x64.Build.0 = Debug|x64
		{95534221-BD41-45BB-A1EE-A802F9836149}.Debug|x86.ActiveCfg = Debug|Win32
		{95534221-BD41-45BB-A1EE-A802F9836149}.Debug|x86.Build.0 = Debug|Win32
		{95534221-BD41-45BB-A1EE-A802F9836149}.Release|x64.ActiveCfg = Release|x64
		{95534221-BD41-45BB-A1EE-A802F9836149}.Release|x64.Build.0 = Release|x64
		{95534221-BD41-45BB-A1EE-A802F9836149}.Release|x86.ActiveCfg = Release|Win32
		{95534221-BD41-45BB-A1EE-A802F9836149}.Release|x86.Build.0 = Release|Win32
		{CF6B8F1F-E831-490D-BFD5-8BC4DFA3B0EE}.Debug|x64.ActiveCfg = Debug|x64
		{CF6B8F1F-E831-490D-BFD5-8BC4DFA3B0EE}.Debug|x64.Build.0 = Debug|x64
		{CF6B8F1F-E831-490D-BFD5-8BC4DFA3B0EE}.Debug|x86.ActiveCfg = Debug|Win32
		{CF6B8F1F-E831-490D-BFD5-8BC4DFA3B0EE}.Debug|x86.Build.0 = Debug|Win32
		{CF6B8F1F-E831-490D-BFD5-8BC4DFA3B0EE}.Release|x64.ActiveCfg = Release|x64
		{CF6B8F1F-E831-490D-BFD5-8BC4DFA3B0EE}.Release|x64.Build.0 = Release|x64
		{CF6B8F1F-E831-490D-BFD5-8BC4DFA3B0EE}.Release|x86.ActiveCfg = Release|Win32
		{CF6B8F1F-E831-490D-BFD5-8BC4DFA3B0EE}.Release|x86.Build.0 = Release|Win32
		{BEACEEC2-9073-49BC-8ACE-8E22714D185F}.Debug|x64.ActiveCfg = Debug|x64
		{BEACEEC2-9073-49BC-8ACE-8E22714D185F}.Debug|x64.Build.0 = Debug|x64
		{BEACEEC2-9073-49BC-8ACE-8E22714D185F}.Debug|x86.ActiveCfg = Debug|Win32
		{BEACEEC2-9073-49BC-8ACE-8E22714D185F}.Debug|x86.Build.0 = Debug|Win32
		{BEACEEC2-9073-49BC-8ACE-8E22714D185F}.Release|x64.ActiveCfg = Release|x64
		{BEACEEC2-9073-49BC-8ACE-8E22714D185F}.Release|x64.Build.0 = Release|x64
		{BEACEEC2-9073-49BC-8ACE-8E22714D185F}.Release|x86.ActiveCfg = Release|Win32
		{BEACEEC2-9073-49BC-8ACE-8E22714D185F}.Release|x86.Build.0 = Release|Win32
		{DF526EE1-7BBC-4FD5-8BC8-973D6DC6B985}.Debug|x64.ActiveCfg = Debug|x64
		{DF526EE1-7BBC-4FD5-8BC8-973D6DC6B985}.Debug|x64.Build.0 = Debug|x64
		{DF526EE1-7BBC-4FD5-8BC8-973D6DC6B985}.Debug|x86.ActiveCfg = Debug|Win32
		{DF526EE1-7BBC-4FD5-8BC8-973D6DC6B985}.Debug|x86.Build.0 = Debug|Win32
		{DF526EE1-7BBC-4FD5-8BC8-973D6DC6B985}.Release|x64.ActiveCfg = Release|x64
		{DF526EE1-7BBC-4FD5-8BC8-973D6DC6B985}.Release|x64.Build.0 = Release|x64
		{DF526EE1-7BBC-4FD5-8BC8-973D6DC6B985}.Release|x86.ActiveCfg = Release|Win32
		{DF526EE1-7BBC-4FD5-8BC8-973D6DC6B985}.Release|x86.Build.0 = Release|Win32
		{A7596599-7B83-42DE-B58E-FB1785C190D9}.Debug|x64.ActiveCfg = Debug|x64
		{A7596599-7B83-42DE-B58E-FB1785C190D9}.Debug|x64.Build.0 = Debug|x64
		{A7596599-7B83-42DE-B58E-FB1785C190D9}.Debug|x86.ActiveCfg = Debug|Win32
		{A7596599-7B83-42DE-B58E-FB1785C190D9}.Debug|x86.Build.0 = Debug|Win32
		{A7596599-7B83-42DE-B58E-FB1785C190D9}.Release|x64.ActiveCfg = Release|x64
		{A7596599-7B83-42DE-B58E-FB1785C190D9}.Release|x64.Build.0 = Release|x64
		{A7596599-7B83-42DE-B58E-FB1785C190D9}.Release|x86.ActiveCfg = Release|Win32
		{A7596599-7B83-42DE-B58E-FB1785C190D9}.Release|x86.Build.0 = Release|Win32
		{8A808C06-3194-410E-BFF7-1E02A68D0C84}.Debug|x64.ActiveCfg = Debug|x64
		{8A808C06-3194-410E-BFF7-1E02A68D0C84}.Debug|x64.Build.0 = Debug|x64
		{8A808C06-3194-410E-BFF7-1E02A68D0C84}.Debug|x86.ActiveCfg = Debug|Win32
		{8A808C06-3194-410E-BFF7-1E02A68D0C84}.Debug|x86.Build.0 = Debug|Win32
		{8A808C06-3194-410E-BFF7-1E02A68D0C84}.Release|x64.ActiveCfg = Release|x64
		{8A808C06-3194-410E-BFF7-1E02A68D0C84}.Release|x64.Build.0 = Release|x64
		{8A808C06-3194-410E-BFF7-1E02A68D0C84}.Release|x86.ActiveCfg = Release|Win32
		{8A808C06-3194-410E-BFF7-1E02A68D0C84}.Release|x86.Build.0 = Release|Win32
		{1EB060E6-C4D1-4A14-90C0-6A63EAD318FE}.Debug|x64.ActiveCfg = Debug|x64
		{1EB060E6-C4D1-4A14-90C0-6A63EAD318FE}.Debug|x64.Build.0 = Debug|x64
		{1EB060E6-C4D1-4A14-90C0-6A63EAD318FE}.Debug|x86.ActiveCfg = Debug|Win32
		{1EB060E6-C4D1-4A14-90C0-6A63EAD318FE}.Debug|x86.Build.0 = Debug|Win32
		{1EB060E6-C4D1-4A14-90C0-6A63EAD318FE}.Release|x64.ActiveCfg = Release|x64
		{1EB060E6-C4D1-4A14-90C0-6A63EAD318FE}.Release|x64.Build.0 = Release|x64
		{1EB060E6-C4D1-4A14-90C0-6A63EAD318FE}.Release|x86.ActiveCfg = Release|Win32
		{1EB060E6-C4D1-4A14-90C0-6A63EAD318FE}.Release|x86.Build.0 = Release|Win32
		{779751B1-F823-4535-B7FF-65C1D9D297FB}.Debug|x64.ActiveCfg = Debug|x64
		{779751B1-F823-4535-B7FF-65C1D9D297FB}.Debug|x64.Build.0 = Debug|x64
		{779751B1-F823-4535-B7FF-65C1D9D297FB}.Debug|x86.ActiveCfg = Debug|Win32
		{779751B1-F823-4535-B7FF-65C1D9D297FB}.Debug|x86.Build.0 = Debug|Win32
		{779751B1-F823-4535-B7FF-65C1D9D297FB}.Release|x64.ActiveCfg = Release|x64
		{779751B1-F823-4535-B7FF-65C1D9D297FB}.Release|x64.Build.0 = Release|x64
		{779751B1-F823-4535-B7FF-65C1D9D297FB}.Release|x86.ActiveCfg = Release|Win32
		{779751B1-F823-4535-B7FF-65C1D9D297FB}.Release|x86.Build.0 = Release|Win32
		{2AD038C8-0324-43AB-ADA9-74B776F9BE94}.Debug|x64.ActiveCfg = Debug|x64
		{2AD038C8-0324-43AB-ADA9-74B776F9BE94}.Debug|x64.Build.0 = Debug|x64
		{2AD038C8-0324-43AB-ADA9-74B776F9BE94}.Debug|x86.ActiveCfg = Debug|Win32
		{2AD038C8-0324-43AB-ADA9-74B776F9BE94}.Debug|x86.Build.0 = Debug|Win32
		{2AD038C8-0324-43AB-ADA9-74B776F9BE94}.Release|x64.ActiveCfg = Release|x64
		{2AD038C8-0324-43AB-ADA9-74B776F9BE94}.Release|x64.Build.0 = Release|x64
		{2AD038C8-0324-43AB-ADA9-74B776F9BE94}.Release|x86.ActiveCfg = Release|Win32
		{2AD038C8-0324-43AB-ADA9-74B776F9BE94}.Release|x86.Build.0 = Release|Win32
		{0E923557-6AB2-473F-8E32-97961112C520}.Debug|x64.ActiveCfg = Debug|x64
		{0E923557-6AB2-473F-8E32-97961112C520}.Debug|x64.Build.0 = Debug|x64
		{0E923557-6AB2-473F-8E32-97961112C520}.Debug|x86.ActiveCfg = Debug|Win32
		{0E923557-6AB2-473F-8E32-97961112C520}.Debug|x86.Build.0 = Debug|Win32
		{0E923557-6AB2-473F-8E32-97961112C520}.Release|x64.ActiveCfg = Release|x64
		{0E923557-6AB2-473F-8E32-97961112C520}.Release|x64.Build.0 = Release|x64
		{0E923557-6AB2-473F-8E32-97961112C520}.Release|x86.ActiveCfg = Release|Win32
		{0E923557-6AB2-473F-8E32-97961112C520}.Release|x86.Build.0 = Release|Win32
		{82DF0482-B949-4C94-9A1F-CF0671E0CDAE}.Debug|x64.ActiveCfg = Debug|x64
		{82DF0482-B949-4C94-9A1F-CF0671E0CDAE}.Debug|x64.Build.0 = Debug|x64
		{82DF0482-B949-4C94-9A1F-CF0671E0CDAE}.Debug|x86.ActiveCfg = Debug|Win32
		{82DF0482-B949-4C94-9A1F-CF0671E0CDAE}.Debug|x86.Build.0 = Debug|Win32
		{82DF0482-B949-4C94-9A1F-CF0671E0CDAE}.Release|x64.ActiveCfg = Release|x64
		{82DF0482-B949-4C94-9A1F-CF0671E0CDAE}.Release|x64.Build.0 = Release|x64
		{82DF0482-B949-4C94-9A1F-CF0671E0CDAE}.Release|x86.ActiveCfg = Release|Win32
		{82DF0482-B949-4C94-9A1F-CF0671E0CDAE}.Release|x86.Build.0 = Release|Win32
		{6386EEA7-79B2-4CA7-87D4-756F9771F40A}.Debug|x64.ActiveCfg = Debug|x64
		{6386EEA7-79B2-4CA7-87D4-756F9771F40A}.Debug|x64.Build.0 = Debug|x64
		{6386EEA7-79B2-4CA7-87D4-756F9771F40A}.Debug|x86.ActiveCfg = Debug|Win32
		{6386EEA7-79B2-4CA7-87D4-756F9771F40A}.Debug|x86.Build.0 = Debug|Win32
		{6386EEA7-79B2-4CA7-87D4-756F9771F40A}.Release|x64.ActiveCfg = Release|x64
		{6386EEA7-79B2-4CA7-87D4-756F9771F40A}.Release|x64.Build.0 = Release|x64
		{6386EEA7-79B2-4CA7-87D4-756F9771F40A}.Release|x86.ActiveCfg = Release|Win32
		{6386EEA7-79B2-4CA7-87D4-756F9771F40A}.Release|x86.Build.0 = Release|Win32
		{858D9C4D-456A-4ADD-954B-2CDF8F1A1049}.Debug|x64.ActiveCfg = Debug|x64
		{858D9C4D-456A-4ADD-954B-2CDF8F1A1049}.Debug|x64.Build.0 = Debug|x64
		{858D9C4D-456A-4ADD-954B-2CDF8F1A1049}.Debug|x86.ActiveCfg = Debug|Win32
		{858D9C4D-456A-4ADD-954B-2CDF8F1A1049}.Debug|x86.Build.0 = Debug|Win32
		{858D9C4D-456A-4ADD-954B-2CDF8F1A1049}.Release|x64.ActiveCfg = Release|x64
		{858D9C4D-456A-4ADD-954B-2CDF8F1A1049}.Release|x64.Build.0 = Release|x64
		{858D9C4D-456A-4ADD-954B-2CDF8F1A1049}.Release|x86.ActiveCfg = Release|Win32
		{858D9C4D-456A-4ADD-954B-2CDF8F1A1049}.Release|x86.Build.0 = Release|Win32
		{CA0676F7-3569-4DF6-9AED-E7C3F813FD61}.Debug|x64.ActiveCfg = Debug|x64
		{CA0676F7-3569-4DF6-9AED-E7C3F813FD61}.Debug|x64.Build.0 = Debug|x64
		{CA0676F7-3569-4DF6-9AED-E7C3F813FD61}.Debug|x86.ActiveCfg = Debug|Win32
		{CA0676F7-3569-4DF6-9AED-E7C3F813FD61}.Debug|x86.Build.0 = Debug|Win32
		{CA0676F7-3569-4DF6-9AED-E7C3F813FD61}.Release|x64.ActiveCfg = Release|x64
		{CA0676F7-3569-4DF6-9AED-E7C3F813FD61}.Release|x64.Build.0 = Release|x64
		{CA0676F7-3569-4DF6-9AED-E7C3F813FD61}.Release|x86.ActiveCfg = Release|Win32
		{CA0676F7-3569-4DF6-9AED-E7C3F813FD61}.Release|x86.Build.0 = Release|Win32
		{55D62259-CEF8-42D2-95AA-15128575E8EB}.Debug|x64.ActiveCfg = Debug|x64
		{55D62259-CEF8-42D2-95AA-15128575E8EB}.Debug|x64.Build.0 = Debug|x64
		{55D62259-CEF8-42D2-95AA-15128575E8EB}.Debug|x86.ActiveCfg = Debug|Win32
		{55D62259-CEF8-42D2-95AA-15128575E8EB}.Debug|x86.Build.0 = Debug|Win32
		{55D62259-CEF8-42D2-95AA-15128575E8EB}.Release|x64.ActiveCfg = Release|x64
		{55D62259-CEF8-42D2-95AA-15128575E8EB}.Release|x64.Build.0 = Release|x64
		{55D62259-CEF8-42D2-95AA-15128575E8EB}.Release|x86.ActiveCfg = Release|Win32
		{55D62259-CEF8-42D2-95AA-15128575E8EB}.Release|x86.Build.0 = Release|Win32
		{4AA4C5C3-86E8-494F-8D3C-964C3AC1727E}.Debug|x64.ActiveCfg = Debug|x64
		{4AA4C5C3-86E8-494F-8D3C-964C3AC1727E}.Debug|x64.Build.0 = Debug|x64
		{4AA4C5C3-86E8-494F-8D3C-964C3AC1727E}.Debug|x86.ActiveCfg = Debug|Win32
		{4AA4C5C3-86E8-494F-8D3C-964C3AC1727E}.Debug|x86.Build.0 = Debug|Win32
		{4AA4C5C3-86E8-494F-8D3C-964C3AC1727E}.Release|x64.ActiveCfg = Release|x64
		{4AA4C5C3-86E8-494F-8D3C-964C3AC1727E}.Release|x64.Build.0 = Release|x64
		{4AA4C5C3-86E8-494F-8D3C-964C3AC1727E}.Release|x86.ActiveCfg = Release|Win32
		{4AA4C5C3-86E8-494F-8D3C-964C3AC1727E}.Release|x86.Build.0 = Release|Win32
		{7332AF2C-9BC2-4D38-A47A-CA97A0637C03}.Debug|x64.ActiveCfg = Debug|x64
		{7332AF2C-9BC2-4D38-A47A-CA97A0637C03}.Debug|x64.Build.0 = Debug|x64
		{7332AF2C-9BC2-4D38-A47A-CA97A0637C03}.Debug|x86.ActiveCfg = Debug|Win32
		{7332AF2C-9BC2-4D38-A47A-CA97A0637C03}.Debug|x86.Build.0 = Debug|Win32
		{7332AF2C-9BC2-4D38-A47A-CA97A0637C03}.Release|x64.ActiveCfg = Release|x64
		{7332AF2C-9BC2-4D38-A47A-CA97A0637C03}.Release|x64.Build.0 = Release|x64
		{7332AF2C-9BC2-4D38-A47A-CA97A0637C03}.Release|x86.ActiveCfg = Release|Win32
		{7332AF2C-9BC2-4D38-A47A-CA97A0637C03}.Release|x86.Build.0 = Release|Win32
		{84F46756-380D-4A33-9A05-62ADDB248710}.Debug|x64.ActiveCfg = Debug|x64
		{84F46756-380D-4A33-9A05-62ADDB248710}.Debug|x64.Build.0 = Debug|x64
		{84F46756-380D-4A33-9A05-62ADDB248710}.Debug|x86.ActiveCfg = Debug|Win32
		{84F46756-380D-4A33-9A05-62ADDB248710}.Debug|x86.Build.0 = Debug|Win32
		{84F46756-380D-4A33-9A05-62ADDB248710}.Release|x64.ActiveCfg = Release|x64
		{84F46756-380D-4A33-9A05-62ADDB248710}.Release|x64.Build.0 = Release|x64
		{84F46756-380D-4A33-9A05-62ADDB248710}.Release|x86.ActiveCfg = Release|Win32
		{84F46756-380D-4A33-9A05-62ADDB248710}.Release|x86.Build.0 = Release|Win32
	EndGlobalSection
	GlobalSection(SolutionProperties) = preSolution
		HideSolutionNode = FALSE
	EndGlobalSection
	GlobalSection(ExtensibilityGlobals) = postSolution
		SolutionGuid = {B73836DC-2B39-4A97-962C-7D418404F7C0}
	EndGlobalSection
EndGlobal
